
Microsoft Visual Studio Solution File, Format Version 12.00
# Visual Studio Version 17
VisualStudioVersion = 17.2.32526.322
MinimumVisualStudioVersion = 10.0.40219.1
Project("{FAE04EC0-301F-11D3-BF4B-00C04F79EFBC}") = "TrabalhoSistemas", "TrabalhoSistemas\TrabalhoSistemas.csproj", "{42108462-1240-4803-9213-5CCC74466824}"
EndProject
Global
	GlobalSection(SolutionConfigurationPlatforms) = preSolution
		Debug|Any CPU = Debug|Any CPU
		Release|Any CPU = Release|Any CPU
	EndGlobalSection
	GlobalSection(ProjectConfigurationPlatforms) = postSolution
		{42108462-1240-4803-9213-5CCC74466824}.Debug|Any CPU.ActiveCfg = Debug|Any CPU
		{42108462-1240-4803-9213-5CCC74466824}.Debug|Any CPU.Build.0 = Debug|Any CPU
		{42108462-1240-4803-9213-5CCC74466824}.Release|Any CPU.ActiveCfg = Release|Any CPU
		{42108462-1240-4803-9213-5CCC74466824}.Release|Any CPU.Build.0 = Release|Any CPU
	EndGlobalSection
	GlobalSection(SolutionProperties) = preSolution
		HideSolutionNode = FALSE
	EndGlobalSection
	GlobalSection(ExtensibilityGlobals) = postSolution
		SolutionGuid = {67CA1E2D-6B47-483F-BC1A-32B091A0CF5F}
	EndGlobalSection
EndGlobal
